
Microsoft Visual Studio Solution File, Format Version 12.00
# Visual Studio Version 17
VisualStudioVersion = 17.7.33711.374
MinimumVisualStudioVersion = 10.0.40219.1
Project("{FAE04EC0-301F-11D3-BF4B-00C04F79EFBC}") = "Containers1", "Containers1\Containers1.csproj", "{A812A304-4613-446D-B5A4-934D5223B8C9}"
EndProject
Global
	GlobalSection(SolutionConfigurationPlatforms) = preSolution
		Debug|Any CPU = Debug|Any CPU
		Release|Any CPU = Release|Any CPU
	EndGlobalSection
	GlobalSection(ProjectConfigurationPlatforms) = postSolution
		{A812A304-4613-446D-B5A4-934D5223B8C9}.Debug|Any CPU.ActiveCfg = Debug|Any CPU
		{A812A304-4613-446D-B5A4-934D5223B8C9}.Debug|Any CPU.Build.0 = Debug|Any CPU
		{A812A304-4613-446D-B5A4-934D5223B8C9}.Release|Any CPU.ActiveCfg = Release|Any CPU
		{A812A304-4613-446D-B5A4-934D5223B8C9}.Release|Any CPU.Build.0 = Release|Any CPU
	EndGlobalSection
	GlobalSection(SolutionProperties) = preSolution
		HideSolutionNode = FALSE
	EndGlobalSection
	GlobalSection(ExtensibilityGlobals) = postSolution
		SolutionGuid = {10F06CAE-3CF6-4FE9-925A-4225EA34B621}
	EndGlobalSection
EndGlobal
